
Microsoft Visual Studio Solution File, Format Version 12.00
Project("{FAE04EC0-301F-11D3-BF4B-00C04F79EFBC}") = "APIProject", "APIProject\APIProject.csproj", "{4EA8881B-1049-4D18-9FD0-5D0E227A975E}"
EndProject
Project("{FAE04EC0-301F-11D3-BF4B-00C04F79EFBC}") = "Core", "Core\Core.csproj", "{7409F984-758A-4D88-839B-41346FF03E38}"
EndProject
Project("{FAE04EC0-301F-11D3-BF4B-00C04F79EFBC}") = "Infrastructure", "Infrastructure\Infrastructure.csproj", "{01A1E0E3-957E-4F53-9084-EBAEAF58F70C}"
EndProject
Global
	GlobalSection(SolutionConfigurationPlatforms) = preSolution
		Debug|Any CPU = Debug|Any CPU
		Release|Any CPU = Release|Any CPU
	EndGlobalSection
	GlobalSection(ProjectConfigurationPlatforms) = postSolution
		{4EA8881B-1049-4D18-9FD0-5D0E227A975E}.Debug|Any CPU.ActiveCfg = Debug|Any CPU
		{4EA8881B-1049-4D18-9FD0-5D0E227A975E}.Debug|Any CPU.Build.0 = Debug|Any CPU
		{4EA8881B-1049-4D18-9FD0-5D0E227A975E}.Release|Any CPU.ActiveCfg = Release|Any CPU
		{4EA8881B-1049-4D18-9FD0-5D0E227A975E}.Release|Any CPU.Build.0 = Release|Any CPU
		{7409F984-758A-4D88-839B-41346FF03E38}.Debug|Any CPU.ActiveCfg = Debug|Any CPU
		{7409F984-758A-4D88-839B-41346FF03E38}.Debug|Any CPU.Build.0 = Debug|Any CPU
		{7409F984-758A-4D88-839B-41346FF03E38}.Release|Any CPU.ActiveCfg = Release|Any CPU
		{7409F984-758A-4D88-839B-41346FF03E38}.Release|Any CPU.Build.0 = Release|Any CPU
		{01A1E0E3-957E-4F53-9084-EBAEAF58F70C}.Debug|Any CPU.ActiveCfg = Debug|Any CPU
		{01A1E0E3-957E-4F53-9084-EBAEAF58F70C}.Debug|Any CPU.Build.0 = Debug|Any CPU
		{01A1E0E3-957E-4F53-9084-EBAEAF58F70C}.Release|Any CPU.ActiveCfg = Release|Any CPU
		{01A1E0E3-957E-4F53-9084-EBAEAF58F70C}.Release|Any CPU.Build.0 = Release|Any CPU
	EndGlobalSection
EndGlobal
